
Microsoft Visual Studio Solution File, Format Version 12.00
# Visual Studio 15
VisualStudioVersion = 15.0.26730.8
MinimumVisualStudioVersion = 10.0.40219.1
Project("{888888A0-9F3D-457C-B088-3A5042F75D52}") = "midi_quantizer", "midi_quantizer.pyproj", "{7C10C695-B124-4EB7-815C-388BED3DE876}"
EndProject
Global
	GlobalSection(SolutionConfigurationPlatforms) = preSolution
		Debug|Any CPU = Debug|Any CPU
		Release|Any CPU = Release|Any CPU
	EndGlobalSection
	GlobalSection(ProjectConfigurationPlatforms) = postSolution
		{7C10C695-B124-4EB7-815C-388BED3DE876}.Debug|Any CPU.ActiveCfg = Debug|Any CPU
		{7C10C695-B124-4EB7-815C-388BED3DE876}.Release|Any CPU.ActiveCfg = Release|Any CPU
	EndGlobalSection
	GlobalSection(SolutionProperties) = preSolution
		HideSolutionNode = FALSE
	EndGlobalSection
	GlobalSection(ExtensibilityGlobals) = postSolution
		SolutionGuid = {6E22CF58-C120-42A1-8706-77C009216DDA}
	EndGlobalSection
EndGlobal
